
Microsoft Visual Studio Solution File, Format Version 12.00
# Visual Studio Version 16
VisualStudioVersion = 16.0.29728.190
MinimumVisualStudioVersion = 10.0.40219.1
Project("{FAE04EC0-301F-11D3-BF4B-00C04F79EFBC}") = "LiquorStore", "LiquorStore.csproj", "{8109DB87-25BF-43AC-9DFB-F4173DE38E7A}"
EndProject
Global
	GlobalSection(SolutionConfigurationPlatforms) = preSolution
		Debug|Any CPU = Debug|Any CPU
		Release|Any CPU = Release|Any CPU
	EndGlobalSection
	GlobalSection(ProjectConfigurationPlatforms) = postSolution
		{8109DB87-25BF-43AC-9DFB-F4173DE38E7A}.Debug|Any CPU.ActiveCfg = Debug|Any CPU
		{8109DB87-25BF-43AC-9DFB-F4173DE38E7A}.Debug|Any CPU.Build.0 = Debug|Any CPU
		{8109DB87-25BF-43AC-9DFB-F4173DE38E7A}.Release|Any CPU.ActiveCfg = Release|Any CPU
		{8109DB87-25BF-43AC-9DFB-F4173DE38E7A}.Release|Any CPU.Build.0 = Release|Any CPU
	EndGlobalSection
	GlobalSection(SolutionProperties) = preSolution
		HideSolutionNode = FALSE
	EndGlobalSection
	GlobalSection(ExtensibilityGlobals) = postSolution
		SolutionGuid = {1C25DAEE-708E-4AA7-9A1A-ED9DB4573F0D}
	EndGlobalSection
EndGlobal
